{
  "name": "miniforge-js",
  "version": "0.2.2",
  "lockfileVersion": 1,
  "requires": true,
  "dependencies": {
    "buffer-from": {
      "version": "1.1.1",
      "resolved": "https://registry.npmjs.org/buffer-from/-/buffer-from-1.1.1.tgz",
      "integrity": "sha512-MQcXEUbCKtEo7bhqEs6560Hyd4XaovZlO/k9V3hjVUF/zwW7KBVdSK4gIt/bzwS9MbR5qob+F5jusZsb0YQK2A=="
    },
    "commander": {
      "version": "2.20.3",
      "resolved": "https://registry.npmjs.org/commander/-/commander-2.20.3.tgz",
      "integrity": "sha512-GpVkmM8vF2vQUkj2LvZmD35JxeJOLCwJ9cUkugyk2nuhbv3+mJvpLYYt+0+USMxE+oj+ey/lJEnhZw75x/OMcQ=="
    },
    "crypto-js": {
      "version": "4.0.0",
      "resolved": "https://registry.npmjs.org/crypto-js/-/crypto-js-4.0.0.tgz",
      "integrity": "sha512-bzHZN8Pn+gS7DQA6n+iUmBfl0hO5DJq++QP3U6uTucDtk/0iGpXd/Gg7CGR0p8tJhofJyaKoWBuJI4eAO00BBg=="
    },
    "lzutf8": {
      "version": "0.5.5",
      "resolved": "https://registry.npmjs.org/lzutf8/-/lzutf8-0.5.5.tgz",
      "integrity": "sha512-x4AdRtP0ETRe0BW8V+TfW+8rOF5t3vWU/Z52twUqDRf0OiEuXiLvXNN6Zm8biFCTI9ffXBZb++THAjfkJ559Nw=="
    },
    "regexp-tree": {
      "version": "0.1.21",
      "resolved": "https://registry.npmjs.org/regexp-tree/-/regexp-tree-0.1.21.tgz",
      "integrity": "sha512-kUUXjX4AnqnR8KRTCrayAo9PzYMRKmVoGgaz2tBuz0MF3g1ZbGebmtW0yFHfFK9CmBjQKeYIgoL22pFLBJY7sw==",
      "dev": true
    },
    "require-from-string": {
      "version": "2.0.2",
      "resolved": "https://registry.npmjs.org/require-from-string/-/require-from-string-2.0.2.tgz",
      "integrity": "sha512-Xf0nWe6RseziFMu+Ap9biiUbmplq6S9/p+7w7YXP/JBHhrUDDUhwa+vANyubuqfZWTveU//DYVGsDG7RKL/vEw=="
    },
    "safe-regex": {
      "version": "2.1.1",
      "resolved": "https://registry.npmjs.org/safe-regex/-/safe-regex-2.1.1.tgz",
      "integrity": "sha512-rx+x8AMzKb5Q5lQ95Zoi6ZbJqwCLkqi3XuJXp5P3rT8OEc6sZCJG5AE5dU3lsgRr/F4Bs31jSlVN+j5KrsGu9A==",
      "dev": true,
      "requires": {
        "regexp-tree": "~0.1.1"
      }
    },
    "source-map": {
      "version": "0.6.1",
      "resolved": "https://registry.npmjs.org/source-map/-/source-map-0.6.1.tgz",
      "integrity": "sha512-UjgapumWlbMhkBgzT7Ykc5YXUT46F0iKu8SGXq0bcwP5dz/h0Plj6enJqjz1Zbq2l5WaqYnrVbwWOWMyF3F47g=="
    },
    "source-map-support": {
      "version": "0.5.16",
      "resolved": "https://registry.npmjs.org/source-map-support/-/source-map-support-0.5.16.tgz",
      "integrity": "sha512-efyLRJDr68D9hBBNIPWFjhpFzURh+KJykQwvMyW5UiZzYwoF6l4YMMDIJJEyFWxWCqfyxLzz6tSfUFR+kXXsVQ==",
      "requires": {
        "buffer-from": "^1.0.0",
        "source-map": "^0.6.0"
      }
    },
    "terser": {
      "version": "4.6.11",
      "resolved": "https://registry.npmjs.org/terser/-/terser-4.6.11.tgz",
      "integrity": "sha512-76Ynm7OXUG5xhOpblhytE7X58oeNSmC8xnNhjWVo8CksHit0U0kO4hfNbPrrYwowLWFgM2n9L176VNx2QaHmtA==",
      "requires": {
        "commander": "^2.20.0",
        "source-map": "~0.6.1",
        "source-map-support": "~0.5.12"
      }
    }
  }
}
